
Microsoft Visual Studio Solution File, Format Version 12.00
# Visual Studio Version 17
VisualStudioVersion = 17.8.34525.116
MinimumVisualStudioVersion = 10.0.40219.1
Project("{FAE04EC0-301F-11D3-BF4B-00C04F79EFBC}") = "eTickets", "eTickets\eTickets.csproj", "{A9C0FE1A-04F0-496A-8483-1AB9F7900A93}"
EndProject
Global
	GlobalSection(SolutionConfigurationPlatforms) = preSolution
		Debug|Any CPU = Debug|Any CPU
		Release|Any CPU = Release|Any CPU
	EndGlobalSection
	GlobalSection(ProjectConfigurationPlatforms) = postSolution
		{A9C0FE1A-04F0-496A-8483-1AB9F7900A93}.Debug|Any CPU.ActiveCfg = Debug|Any CPU
		{A9C0FE1A-04F0-496A-8483-1AB9F7900A93}.Debug|Any CPU.Build.0 = Debug|Any CPU
		{A9C0FE1A-04F0-496A-8483-1AB9F7900A93}.Release|Any CPU.ActiveCfg = Release|Any CPU
		{A9C0FE1A-04F0-496A-8483-1AB9F7900A93}.Release|Any CPU.Build.0 = Release|Any CPU
	EndGlobalSection
	GlobalSection(SolutionProperties) = preSolution
		HideSolutionNode = FALSE
	EndGlobalSection
	GlobalSection(ExtensibilityGlobals) = postSolution
		SolutionGuid = {E9C8B12C-F53A-479C-8814-36C05B9ED728}
	EndGlobalSection
EndGlobal
